
Microsoft Visual Studio Solution File, Format Version 12.00
# Visual Studio Version 17
VisualStudioVersion = 17.5.002.0
MinimumVisualStudioVersion = 10.0.40219.1
Project("{9A19103F-16F7-4668-BE54-9A1E7A4F7556}") = "w3.2", "w3.2.csproj", "{2DBCA669-D400-42E1-A442-6CD60146845A}"
EndProject
Global
	GlobalSection(SolutionConfigurationPlatforms) = preSolution
		Debug|Any CPU = Debug|Any CPU
		Release|Any CPU = Release|Any CPU
	EndGlobalSection
	GlobalSection(ProjectConfigurationPlatforms) = postSolution
		{2DBCA669-D400-42E1-A442-6CD60146845A}.Debug|Any CPU.ActiveCfg = Debug|Any CPU
		{2DBCA669-D400-42E1-A442-6CD60146845A}.Debug|Any CPU.Build.0 = Debug|Any CPU
		{2DBCA669-D400-42E1-A442-6CD60146845A}.Release|Any CPU.ActiveCfg = Release|Any CPU
		{2DBCA669-D400-42E1-A442-6CD60146845A}.Release|Any CPU.Build.0 = Release|Any CPU
	EndGlobalSection
	GlobalSection(SolutionProperties) = preSolution
		HideSolutionNode = FALSE
	EndGlobalSection
	GlobalSection(ExtensibilityGlobals) = postSolution
		SolutionGuid = {876C8BF9-5D6C-4EAD-96EE-C5C8E4F2C95B}
	EndGlobalSection
EndGlobal
