
Microsoft Visual Studio Solution File, Format Version 12.00
# Visual Studio Version 17
VisualStudioVersion = 17.5.002.0
MinimumVisualStudioVersion = 10.0.40219.1
Project("{9A19103F-16F7-4668-BE54-9A1E7A4F7556}") = "w2", "w2.csproj", "{2EEB414A-0FE5-403D-9B5A-CA3163598A2E}"
EndProject
Global
	GlobalSection(SolutionConfigurationPlatforms) = preSolution
		Debug|Any CPU = Debug|Any CPU
		Release|Any CPU = Release|Any CPU
	EndGlobalSection
	GlobalSection(ProjectConfigurationPlatforms) = postSolution
		{2EEB414A-0FE5-403D-9B5A-CA3163598A2E}.Debug|Any CPU.ActiveCfg = Debug|Any CPU
		{2EEB414A-0FE5-403D-9B5A-CA3163598A2E}.Debug|Any CPU.Build.0 = Debug|Any CPU
		{2EEB414A-0FE5-403D-9B5A-CA3163598A2E}.Release|Any CPU.ActiveCfg = Release|Any CPU
		{2EEB414A-0FE5-403D-9B5A-CA3163598A2E}.Release|Any CPU.Build.0 = Release|Any CPU
	EndGlobalSection
	GlobalSection(SolutionProperties) = preSolution
		HideSolutionNode = FALSE
	EndGlobalSection
	GlobalSection(ExtensibilityGlobals) = postSolution
		SolutionGuid = {871A1373-82D8-47EF-B0A5-3D180B84E76F}
	EndGlobalSection
EndGlobal
