
Microsoft Visual Studio Solution File, Format Version 12.00
# Visual Studio Version 17
VisualStudioVersion = 17.5.002.0
MinimumVisualStudioVersion = 10.0.40219.1
Project("{9A19103F-16F7-4668-BE54-9A1E7A4F7556}") = "w5.1", "w5.1.csproj", "{D1184DD7-EC2D-4137-9EB9-90B3E71F47F5}"
EndProject
Global
	GlobalSection(SolutionConfigurationPlatforms) = preSolution
		Debug|Any CPU = Debug|Any CPU
		Release|Any CPU = Release|Any CPU
	EndGlobalSection
	GlobalSection(ProjectConfigurationPlatforms) = postSolution
		{D1184DD7-EC2D-4137-9EB9-90B3E71F47F5}.Debug|Any CPU.ActiveCfg = Debug|Any CPU
		{D1184DD7-EC2D-4137-9EB9-90B3E71F47F5}.Debug|Any CPU.Build.0 = Debug|Any CPU
		{D1184DD7-EC2D-4137-9EB9-90B3E71F47F5}.Release|Any CPU.ActiveCfg = Release|Any CPU
		{D1184DD7-EC2D-4137-9EB9-90B3E71F47F5}.Release|Any CPU.Build.0 = Release|Any CPU
	EndGlobalSection
	GlobalSection(SolutionProperties) = preSolution
		HideSolutionNode = FALSE
	EndGlobalSection
	GlobalSection(ExtensibilityGlobals) = postSolution
		SolutionGuid = {6BC590A2-5E4C-4F70-8F1F-9D21CC1593C5}
	EndGlobalSection
EndGlobal
